
Microsoft Visual Studio Solution File, Format Version 12.00
# Visual Studio Version 17
VisualStudioVersion = 17.5.002.0
MinimumVisualStudioVersion = 10.0.40219.1
Project("{9A19103F-16F7-4668-BE54-9A1E7A4F7556}") = "BRC-HarmonyTemplate", "BRC-HarmonyTemplate.csproj", "{210DB9BC-5B73-48AE-BC6C-111622E8A265}"
EndProject
Global
	GlobalSection(SolutionConfigurationPlatforms) = preSolution
		Debug|Any CPU = Debug|Any CPU
		Release|Any CPU = Release|Any CPU
	EndGlobalSection
	GlobalSection(ProjectConfigurationPlatforms) = postSolution
		{210DB9BC-5B73-48AE-BC6C-111622E8A265}.Debug|Any CPU.ActiveCfg = Debug|Any CPU
		{210DB9BC-5B73-48AE-BC6C-111622E8A265}.Debug|Any CPU.Build.0 = Debug|Any CPU
		{210DB9BC-5B73-48AE-BC6C-111622E8A265}.Release|Any CPU.ActiveCfg = Release|Any CPU
		{210DB9BC-5B73-48AE-BC6C-111622E8A265}.Release|Any CPU.Build.0 = Release|Any CPU
	EndGlobalSection
	GlobalSection(SolutionProperties) = preSolution
		HideSolutionNode = FALSE
	EndGlobalSection
	GlobalSection(ExtensibilityGlobals) = postSolution
		SolutionGuid = {80C91173-4E2E-4C90-B544-1154E4067217}
	EndGlobalSection
EndGlobal
